// !$*UTF8*$!
{
	archiveVersion = 1;
	classes = {
	};
	objectVersion = 77;
	objects = {

/* Begin PBXContainerItemProxy section */
		DCD53FAA2E2FB8A60001137D /* PBXContainerItemProxy */ = {
			isa = PBXContainerItemProxy;
			containerPortal = DCD53F882E2FB8A50001137D /* Project object */;
			proxyType = 1;
			remoteGlobalIDString = DCD53F8F2E2FB8A50001137D;
			remoteInfo = "Eteration iOS Case Study";
		};
		DCD53FB42E2FB8A60001137D /* PBXContainerItemProxy */ = {
			isa = PBXContainerItemProxy;
			containerPortal = DCD53F882E2FB8A50001137D /* Project object */;
			proxyType = 1;
			remoteGlobalIDString = DCD53F8F2E2FB8A50001137D;
			remoteInfo = "Eteration iOS Case Study";
		};
/* End PBXContainerItemProxy section */

/* Begin PBXFileReference section */
		DCB4DAA22E325539003C2268 /* Eteration iOS Case Study.xctestplan */ = {isa = PBXFileReference; lastKnownFileType = text; path = "Eteration iOS Case Study.xctestplan"; sourceTree = "<group>"; };
		DCD53F902E2FB8A50001137D /* Eteration iOS Case Study.app */ = {isa = PBXFileReference; explicitFileType = wrapper.application; includeInIndex = 0; path = "Eteration iOS Case Study.app"; sourceTree = BUILT_PRODUCTS_DIR; };
		DCD53FA92E2FB8A60001137D /* Eteration iOS Case StudyTests.xctest */ = {isa = PBXFileReference; explicitFileType = wrapper.cfbundle; includeInIndex = 0; path = "Eteration iOS Case StudyTests.xctest"; sourceTree = BUILT_PRODUCTS_DIR; };
		DCD53FB32E2FB8A60001137D /* Eteration iOS Case StudyUITests.xctest */ = {isa = PBXFileReference; explicitFileType = wrapper.cfbundle; includeInIndex = 0; path = "Eteration iOS Case StudyUITests.xctest"; sourceTree = BUILT_PRODUCTS_DIR; };
/* End PBXFileReference section */

/* Begin PBXFileSystemSynchronizedBuildFileExceptionSet section */
		DCD53FBB2E2FB8A60001137D /* Exceptions for "Eteration iOS Case Study" folder in "Eteration iOS Case Study" target */ = {
			isa = PBXFileSystemSynchronizedBuildFileExceptionSet;
			membershipExceptions = (
				Resources/Info.plist,
			);
			target = DCD53F8F2E2FB8A50001137D /* Eteration iOS Case Study */;
		};
/* End PBXFileSystemSynchronizedBuildFileExceptionSet section */

/* Begin PBXFileSystemSynchronizedRootGroup section */
		DCD53F922E2FB8A50001137D /* Eteration iOS Case Study */ = {
			isa = PBXFileSystemSynchronizedRootGroup;
			exceptions = (
				DCD53FBB2E2FB8A60001137D /* Exceptions for "Eteration iOS Case Study" folder in "Eteration iOS Case Study" target */,
			);
			path = "Eteration iOS Case Study";
			sourceTree = "<group>";
		};
		DCD53FAC2E2FB8A60001137D /* Eteration iOS Case StudyTests */ = {
			isa = PBXFileSystemSynchronizedRootGroup;
			path = "Eteration iOS Case StudyTests";
			sourceTree = "<group>";
		};
/* End PBXFileSystemSynchronizedRootGroup section */

/* Begin PBXFrameworksBuildPhase section */
		DCD53F8D2E2FB8A50001137D /* Frameworks */ = {
			isa = PBXFrameworksBuildPhase;
			buildActionMask = 2147483647;
			files = (
			);
			runOnlyForDeploymentPostprocessing = 0;
		};
		DCD53FA62E2FB8A60001137D /* Frameworks */ = {
			isa = PBXFrameworksBuildPhase;
			buildActionMask = 2147483647;
			files = (
			);
			runOnlyForDeploymentPostprocessing = 0;
		};
		DCD53FB02E2FB8A60001137D /* Frameworks */ = {
			isa = PBXFrameworksBuildPhase;
			buildActionMask = 2147483647;
			files = (
			);
			runOnlyForDeploymentPostprocessing = 0;
		};
/* End PBXFrameworksBuildPhase section */

/* Begin PBXGroup section */
		DCD53F872E2FB8A50001137D = {
			isa = PBXGroup;
			children = (
				DCB4DAA22E325539003C2268 /* Eteration iOS Case Study.xctestplan */,
				DCD53F922E2FB8A50001137D /* Eteration iOS Case Study */,
				DCD53FAC2E2FB8A60001137D /* Eteration iOS Case StudyTests */,
				DCD53F912E2FB8A50001137D /* Products */,
			);
			sourceTree = "<group>";
		};
		DCD53F912E2FB8A50001137D /* Products */ = {
			isa = PBXGroup;
			children = (
				DCD53F902E2FB8A50001137D /* Eteration iOS Case Study.app */,
				DCD53FA92E2FB8A60001137D /* Eteration iOS Case StudyTests.xctest */,
				DCD53FB32E2FB8A60001137D /* Eteration iOS Case StudyUITests.xctest */,
			);
			name = Products;
			sourceTree = "<group>";
		};
/* End PBXGroup section */

/* Begin PBXNativeTarget section */
		DCD53F8F2E2FB8A50001137D /* Eteration iOS Case Study */ = {
			isa = PBXNativeTarget;
			buildConfigurationList = DCD53FBC2E2FB8A60001137D /* Build configuration list for PBXNativeTarget "Eteration iOS Case Study" */;
			buildPhases = (
				DCD53F8C2E2FB8A50001137D /* Sources */,
				DCD53F8D2E2FB8A50001137D /* Frameworks */,
				DCD53F8E2E2FB8A50001137D /* Resources */,
			);
			buildRules = (
			);
			dependencies = (
			);
			fileSystemSynchronizedGroups = (
				DCD53F922E2FB8A50001137D /* Eteration iOS Case Study */,
			);
			name = "Eteration iOS Case Study";
			packageProductDependencies = (
			);
			productName = "Eteration iOS Case Study";
			productReference = DCD53F902E2FB8A50001137D /* Eteration iOS Case Study.app */;
			productType = "com.apple.product-type.application";
		};
		DCD53FA82E2FB8A60001137D /* Eteration iOS Case StudyTests */ = {
			isa = PBXNativeTarget;
			buildConfigurationList = DCD53FC12E2FB8A60001137D /* Build configuration list for PBXNativeTarget "Eteration iOS Case StudyTests" */;
			buildPhases = (
				DCD53FA52E2FB8A60001137D /* Sources */,
				DCD53FA62E2FB8A60001137D /* Frameworks */,
				DCD53FA72E2FB8A60001137D /* Resources */,
			);
			buildRules = (
			);
			dependencies = (
				DCD53FAB2E2FB8A60001137D /* PBXTargetDependency */,
			);
			fileSystemSynchronizedGroups = (
				DCD53FAC2E2FB8A60001137D /* Eteration iOS Case StudyTests */,
			);
			name = "Eteration iOS Case StudyTests";
			packageProductDependencies = (
			);
			productName = "Eteration iOS Case StudyTests";
			productReference = DCD53FA92E2FB8A60001137D /* Eteration iOS Case StudyTests.xctest */;
			productType = "com.apple.product-type.bundle.unit-test";
		};
		DCD53FB22E2FB8A60001137D /* Eteration iOS Case StudyUITests */ = {
			isa = PBXNativeTarget;
			buildConfigurationList = DCD53FC42E2FB8A60001137D /* Build configuration list for PBXNativeTarget "Eteration iOS Case StudyUITests" */;
			buildPhases = (
				DCD53FAF2E2FB8A60001137D /* Sources */,
				DCD53FB02E2FB8A60001137D /* Frameworks */,
				DCD53FB12E2FB8A60001137D /* Resources */,
			);
			buildRules = (
			);
			dependencies = (
				DCD53FB52E2FB8A60001137D /* PBXTargetDependency */,
			);
			name = "Eteration iOS Case StudyUITests";
			packageProductDependencies = (
			);
			productName = "Eteration iOS Case StudyUITests";
			productReference = DCD53FB32E2FB8A60001137D /* Eteration iOS Case StudyUITests.xctest */;
			productType = "com.apple.product-type.bundle.ui-testing";
		};
/* End PBXNativeTarget section */

/* Begin PBXProject section */
		DCD53F882E2FB8A50001137D /* Project object */ = {
			isa = PBXProject;
			attributes = {
				BuildIndependentTargetsInParallel = 1;
				LastSwiftUpdateCheck = 1600;
				LastUpgradeCheck = 1600;
				TargetAttributes = {
					DCD53F8F2E2FB8A50001137D = {
						CreatedOnToolsVersion = 16.0;
					};
					DCD53FA82E2FB8A60001137D = {
						CreatedOnToolsVersion = 16.0;
						LastSwiftMigration = 1600;
						TestTargetID = DCD53F8F2E2FB8A50001137D;
					};
					DCD53FB22E2FB8A60001137D = {
						CreatedOnToolsVersion = 16.0;
						TestTargetID = DCD53F8F2E2FB8A50001137D;
					};
				};
			};
			buildConfigurationList = DCD53F8B2E2FB8A50001137D /* Build configuration list for PBXProject "Eteration iOS Case Study" */;
			developmentRegion = en;
			hasScannedForEncodings = 0;
			knownRegions = (
				en,
				Base,
			);
			mainGroup = DCD53F872E2FB8A50001137D;
			minimizedProjectReferenceProxies = 1;
			preferredProjectObjectVersion = 77;
			productRefGroup = DCD53F912E2FB8A50001137D /* Products */;
			projectDirPath = "";
			projectRoot = "";
			targets = (
				DCD53F8F2E2FB8A50001137D /* Eteration iOS Case Study */,
				DCD53FA82E2FB8A60001137D /* Eteration iOS Case StudyTests */,
				DCD53FB22E2FB8A60001137D /* Eteration iOS Case StudyUITests */,
			);
		};
/* End PBXProject section */

/* Begin PBXResourcesBuildPhase section */
		DCD53F8E2E2FB8A50001137D /* Resources */ = {
			isa = PBXResourcesBuildPhase;
			buildActionMask = 2147483647;
			files = (
			);
			runOnlyForDeploymentPostprocessing = 0;
		};
		DCD53FA72E2FB8A60001137D /* Resources */ = {
			isa = PBXResourcesBuildPhase;
			buildActionMask = 2147483647;
			files = (
			);
			runOnlyForDeploymentPostprocessing = 0;
		};
		DCD53FB12E2FB8A60001137D /* Resources */ = {
			isa = PBXResourcesBuildPhase;
			buildActionMask = 2147483647;
			files = (
			);
			runOnlyForDeploymentPostprocessing = 0;
		};
/* End PBXResourcesBuildPhase section */

/* Begin PBXSourcesBuildPhase section */
		DCD53F8C2E2FB8A50001137D /* Sources */ = {
			isa = PBXSourcesBuildPhase;
			buildActionMask = 2147483647;
			files = (
			);
			runOnlyForDeploymentPostprocessing = 0;
		};
		DCD53FA52E2FB8A60001137D /* Sources */ = {
			isa = PBXSourcesBuildPhase;
			buildActionMask = 2147483647;
			files = (
			);
			runOnlyForDeploymentPostprocessing = 0;
		};
		DCD53FAF2E2FB8A60001137D /* Sources */ = {
			isa = PBXSourcesBuildPhase;
			buildActionMask = 2147483647;
			files = (
			);
			runOnlyForDeploymentPostprocessing = 0;
		};
/* End PBXSourcesBuildPhase section */

/* Begin PBXTargetDependency section */
		DCD53FAB2E2FB8A60001137D /* PBXTargetDependency */ = {
			isa = PBXTargetDependency;
			target = DCD53F8F2E2FB8A50001137D /* Eteration iOS Case Study */;
			targetProxy = DCD53FAA2E2FB8A60001137D /* PBXContainerItemProxy */;
		};
		DCD53FB52E2FB8A60001137D /* PBXTargetDependency */ = {
			isa = PBXTargetDependency;
			target = DCD53F8F2E2FB8A50001137D /* Eteration iOS Case Study */;
			targetProxy = DCD53FB42E2FB8A60001137D /* PBXContainerItemProxy */;
		};
/* End PBXTargetDependency section */

/* Begin XCBuildConfiguration section */
		DCD53FBD2E2FB8A60001137D /* Debug */ = {
			isa = XCBuildConfiguration;
			buildSettings = {
				ASSETCATALOG_COMPILER_APPICON_NAME = AppIcon;
				ASSETCATALOG_COMPILER_GLOBAL_ACCENT_COLOR_NAME = AccentColor;
				CODE_SIGN_STYLE = Automatic;
				CURRENT_PROJECT_VERSION = 1;
				DEVELOPMENT_TEAM = 9M2J4B5W2F;
				GENERATE_INFOPLIST_FILE = YES;
				INFOPLIST_FILE = "Eteration iOS Case Study/Resources/Info.plist";
				INFOPLIST_KEY_UIApplicationSupportsIndirectInputEvents = YES;
				INFOPLIST_KEY_UILaunchStoryboardName = LaunchScreen;
				INFOPLIST_KEY_UIMainStoryboardFile = Main;
				INFOPLIST_KEY_UISupportedInterfaceOrientations_iPad = "UIInterfaceOrientationPortrait UIInterfaceOrientationPortraitUpsideDown UIInterfaceOrientationLandscapeLeft UIInterfaceOrientationLandscapeRight";
				INFOPLIST_KEY_UISupportedInterfaceOrientations_iPhone = "UIInterfaceOrientationPortrait UIInterfaceOrientationLandscapeLeft UIInterfaceOrientationLandscapeRight";
				LD_RUNPATH_SEARCH_PATHS = (
					"$(inherited)",
					"@executable_path/Frameworks",
				);
				MARKETING_VERSION = 1.0;
				PRODUCT_BUNDLE_IDENTIFIER = "com.egegirsen.Eteration-iOS-Case-Study";
				PRODUCT_NAME = "$(TARGET_NAME)";
				SWIFT_EMIT_LOC_STRINGS = YES;
				SWIFT_VERSION = 5.0;
				TARGETED_DEVICE_FAMILY = "1,2";
			};
			name = Debug;
		};
		DCD53FBE2E2FB8A60001137D /* Release */ = {
			isa = XCBuildConfiguration;
			buildSettings = {
				ASSETCATALOG_COMPILER_APPICON_NAME = AppIcon;
				ASSETCATALOG_COMPILER_GLOBAL_ACCENT_COLOR_NAME = AccentColor;
				CODE_SIGN_STYLE = Automatic;
				CURRENT_PROJECT_VERSION = 1;
				DEVELOPMENT_TEAM = 9M2J4B5W2F;
				GENERATE_INFOPLIST_FILE = YES;
				INFOPLIST_FILE = "Eteration iOS Case Study/Resources/Info.plist";
				INFOPLIST_KEY_UIApplicationSupportsIndirectInputEvents = YES;
				INFOPLIST_KEY_UILaunchStoryboardName = LaunchScreen;
				INFOPLIST_KEY_UIMainStoryboardFile = Main;
				INFOPLIST_KEY_UISupportedInterfaceOrientations_iPad = "UIInterfaceOrientationPortrait UIInterfaceOrientationPortraitUpsideDown UIInterfaceOrientationLandscapeLeft UIInterfaceOrientationLandscapeRight";
				INFOPLIST_KEY_UISupportedInterfaceOrientations_iPhone = "UIInterfaceOrientationPortrait UIInterfaceOrientationLandscapeLeft UIInterfaceOrientationLandscapeRight";
				LD_RUNPATH_SEARCH_PATHS = (
					"$(inherited)",
					"@executable_path/Frameworks",
				);
				MARKETING_VERSION = 1.0;
				PRODUCT_BUNDLE_IDENTIFIER = "com.egegirsen.Eteration-iOS-Case-Study";
				PRODUCT_NAME = "$(TARGET_NAME)";
				SWIFT_EMIT_LOC_STRINGS = YES;
				SWIFT_VERSION = 5.0;
				TARGETED_DEVICE_FAMILY = "1,2";
			};
			name = Release;
		};
		DCD53FBF2E2FB8A60001137D /* Debug */ = {
			isa = XCBuildConfiguration;
			buildSettings = {
				ALWAYS_SEARCH_USER_PATHS = NO;
				ASSETCATALOG_COMPILER_GENERATE_SWIFT_ASSET_SYMBOL_EXTENSIONS = YES;
				CLANG_ANALYZER_NONNULL = YES;
				CLANG_ANALYZER_NUMBER_OBJECT_CONVERSION = YES_AGGRESSIVE;
				CLANG_CXX_LANGUAGE_STANDARD = "gnu++20";
				CLANG_ENABLE_MODULES = YES;
				CLANG_ENABLE_OBJC_ARC = YES;
				CLANG_ENABLE_OBJC_WEAK = YES;
				CLANG_WARN_BLOCK_CAPTURE_AUTORELEASING = YES;
				CLANG_WARN_BOOL_CONVERSION = YES;
				CLANG_WARN_COMMA = YES;
				CLANG_WARN_CONSTANT_CONVERSION = YES;
				CLANG_WARN_DEPRECATED_OBJC_IMPLEMENTATIONS = YES;
				CLANG_WARN_DIRECT_OBJC_ISA_USAGE = YES_ERROR;
				CLANG_WARN_DOCUMENTATION_COMMENTS = YES;
				CLANG_WARN_EMPTY_BODY = YES;
				CLANG_WARN_ENUM_CONVERSION = YES;
				CLANG_WARN_INFINITE_RECURSION = YES;
				CLANG_WARN_INT_CONVERSION = YES;
				CLANG_WARN_NON_LITERAL_NULL_CONVERSION = YES;
				CLANG_WARN_OBJC_IMPLICIT_RETAIN_SELF = YES;
				CLANG_WARN_OBJC_LITERAL_CONVERSION = YES;
				CLANG_WARN_OBJC_ROOT_CLASS = YES_ERROR;
				CLANG_WARN_QUOTED_INCLUDE_IN_FRAMEWORK_HEADER = YES;
				CLANG_WARN_RANGE_LOOP_ANALYSIS = YES;
				CLANG_WARN_STRICT_PROTOTYPES = YES;
				CLANG_WARN_SUSPICIOUS_MOVE = YES;
				CLANG_WARN_UNGUARDED_AVAILABILITY = YES_AGGRESSIVE;
				CLANG_WARN_UNREACHABLE_CODE = YES;
				CLANG_WARN__DUPLICATE_METHOD_MATCH = YES;
				COPY_PHASE_STRIP = NO;
				DEBUG_INFORMATION_FORMAT = dwarf;
				ENABLE_STRICT_OBJC_MSGSEND = YES;
				ENABLE_TESTABILITY = YES;
				ENABLE_USER_SCRIPT_SANDBOXING = YES;
				GCC_C_LANGUAGE_STANDARD = gnu17;
				GCC_DYNAMIC_NO_PIC = NO;
				GCC_NO_COMMON_BLOCKS = YES;
				GCC_OPTIMIZATION_LEVEL = 0;
				GCC_PREPROCESSOR_DEFINITIONS = (
					"DEBUG=1",
					"$(inherited)",
				);
				GCC_WARN_64_TO_32_BIT_CONVERSION = YES;
				GCC_WARN_ABOUT_RETURN_TYPE = YES_ERROR;
				GCC_WARN_UNDECLARED_SELECTOR = YES;
				GCC_WARN_UNINITIALIZED_AUTOS = YES_AGGRESSIVE;
				GCC_WARN_UNUSED_FUNCTION = YES;
				GCC_WARN_UNUSED_VARIABLE = YES;
				IPHONEOS_DEPLOYMENT_TARGET = 18.0;
				LOCALIZATION_PREFERS_STRING_CATALOGS = YES;
				MTL_ENABLE_DEBUG_INFO = INCLUDE_SOURCE;
				MTL_FAST_MATH = YES;
				ONLY_ACTIVE_ARCH = YES;
				SDKROOT = iphoneos;
				SWIFT_ACTIVE_COMPILATION_CONDITIONS = "DEBUG $(inherited)";
				SWIFT_OPTIMIZATION_LEVEL = "-Onone";
			};
			name = Debug;
		};
		DCD53FC02E2FB8A60001137D /* Release */ = {
			isa = XCBuildConfiguration;
			buildSettings = {
				ALWAYS_SEARCH_USER_PATHS = NO;
				ASSETCATALOG_COMPILER_GENERATE_SWIFT_ASSET_SYMBOL_EXTENSIONS = YES;
				CLANG_ANALYZER_NONNULL = YES;
				CLANG_ANALYZER_NUMBER_OBJECT_CONVERSION = YES_AGGRESSIVE;
				CLANG_CXX_LANGUAGE_STANDARD = "gnu++20";
				CLANG_ENABLE_MODULES = YES;
				CLANG_ENABLE_OBJC_ARC = YES;
				CLANG_ENABLE_OBJC_WEAK = YES;
				CLANG_WARN_BLOCK_CAPTURE_AUTORELEASING = YES;
				CLANG_WARN_BOOL_CONVERSION = YES;
				CLANG_WARN_COMMA = YES;
				CLANG_WARN_CONSTANT_CONVERSION = YES;
				CLANG_WARN_DEPRECATED_OBJC_IMPLEMENTATIONS = YES;
				CLANG_WARN_DIRECT_OBJC_ISA_USAGE = YES_ERROR;
				CLANG_WARN_DOCUMENTATION_COMMENTS = YES;
				CLANG_WARN_EMPTY_BODY = YES;
				CLANG_WARN_ENUM_CONVERSION = YES;
				CLANG_WARN_INFINITE_RECURSION = YES;
				CLANG_WARN_INT_CONVERSION = YES;
				CLANG_WARN_NON_LITERAL_NULL_CONVERSION = YES;
				CLANG_WARN_OBJC_IMPLICIT_RETAIN_SELF = YES;
				CLANG_WARN_OBJC_LITERAL_CONVERSION = YES;
				CLANG_WARN_OBJC_ROOT_CLASS = YES_ERROR;
				CLANG_WARN_QUOTED_INCLUDE_IN_FRAMEWORK_HEADER = YES;
				CLANG_WARN_RANGE_LOOP_ANALYSIS = YES;
				CLANG_WARN_STRICT_PROTOTYPES = YES;
				CLANG_WARN_SUSPICIOUS_MOVE = YES;
				CLANG_WARN_UNGUARDED_AVAILABILITY = YES_AGGRESSIVE;
				CLANG_WARN_UNREACHABLE_CODE = YES;
				CLANG_WARN__DUPLICATE_METHOD_MATCH = YES;
				COPY_PHASE_STRIP = NO;
				DEBUG_INFORMATION_FORMAT = "dwarf-with-dsym";
				ENABLE_NS_ASSERTIONS = NO;
				ENABLE_STRICT_OBJC_MSGSEND = YES;
				ENABLE_USER_SCRIPT_SANDBOXING = YES;
				GCC_C_LANGUAGE_STANDARD = gnu17;
				GCC_NO_COMMON_BLOCKS = YES;
				GCC_WARN_64_TO_32_BIT_CONVERSION = YES;
				GCC_WARN_ABOUT_RETURN_TYPE = YES_ERROR;
				GCC_WARN_UNDECLARED_SELECTOR = YES;
				GCC_WARN_UNINITIALIZED_AUTOS = YES_AGGRESSIVE;
				GCC_WARN_UNUSED_FUNCTION = YES;
				GCC_WARN_UNUSED_VARIABLE = YES;
				IPHONEOS_DEPLOYMENT_TARGET = 18.0;
				LOCALIZATION_PREFERS_STRING_CATALOGS = YES;
				MTL_ENABLE_DEBUG_INFO = NO;
				MTL_FAST_MATH = YES;
				SDKROOT = iphoneos;
				SWIFT_COMPILATION_MODE = wholemodule;
				VALIDATE_PRODUCT = YES;
			};
			name = Release;
		};
		DCD53FC22E2FB8A60001137D /* Debug */ = {
			isa = XCBuildConfiguration;
			buildSettings = {
				BUNDLE_LOADER = "$(TEST_HOST)";
				CLANG_ENABLE_MODULES = YES;
				CODE_SIGN_STYLE = Automatic;
				CURRENT_PROJECT_VERSION = 1;
				DEVELOPMENT_TEAM = 9M2J4B5W2F;
				GENERATE_INFOPLIST_FILE = YES;
				IPHONEOS_DEPLOYMENT_TARGET = 18.0;
				MARKETING_VERSION = 1.0;
				PRODUCT_BUNDLE_IDENTIFIER = "com.egegirsen.Eteration-iOS-Case-StudyTests";
				PRODUCT_NAME = "$(TARGET_NAME)";
				SWIFT_EMIT_LOC_STRINGS = NO;
				SWIFT_OPTIMIZATION_LEVEL = "-Onone";
				SWIFT_VERSION = 5.0;
				TARGETED_DEVICE_FAMILY = "1,2";
				TEST_HOST = "$(BUILT_PRODUCTS_DIR)/Eteration iOS Case Study.app/$(BUNDLE_EXECUTABLE_FOLDER_PATH)/Eteration iOS Case Study";
			};
			name = Debug;
		};
		DCD53FC32E2FB8A60001137D /* Release */ = {
			isa = XCBuildConfiguration;
			buildSettings = {
				BUNDLE_LOADER = "$(TEST_HOST)";
				CLANG_ENABLE_MODULES = YES;
				CODE_SIGN_STYLE = Automatic;
				CURRENT_PROJECT_VERSION = 1;
				DEVELOPMENT_TEAM = 9M2J4B5W2F;
				GENERATE_INFOPLIST_FILE = YES;
				IPHONEOS_DEPLOYMENT_TARGET = 18.0;
				MARKETING_VERSION = 1.0;
				PRODUCT_BUNDLE_IDENTIFIER = "com.egegirsen.Eteration-iOS-Case-StudyTests";
				PRODUCT_NAME = "$(TARGET_NAME)";
				SWIFT_EMIT_LOC_STRINGS = NO;
				SWIFT_VERSION = 5.0;
				TARGETED_DEVICE_FAMILY = "1,2";
				TEST_HOST = "$(BUILT_PRODUCTS_DIR)/Eteration iOS Case Study.app/$(BUNDLE_EXECUTABLE_FOLDER_PATH)/Eteration iOS Case Study";
			};
			name = Release;
		};
		DCD53FC52E2FB8A60001137D /* Debug */ = {
			isa = XCBuildConfiguration;
			buildSettings = {
				CODE_SIGN_STYLE = Automatic;
				CURRENT_PROJECT_VERSION = 1;
				DEVELOPMENT_TEAM = 9M2J4B5W2F;
				GENERATE_INFOPLIST_FILE = YES;
				MARKETING_VERSION = 1.0;
				PRODUCT_BUNDLE_IDENTIFIER = "com.egegirsen.Eteration-iOS-Case-StudyUITests";
				PRODUCT_NAME = "$(TARGET_NAME)";
				SWIFT_EMIT_LOC_STRINGS = NO;
				SWIFT_VERSION = 5.0;
				TARGETED_DEVICE_FAMILY = "1,2";
				TEST_TARGET_NAME = "Eteration iOS Case Study";
			};
			name = Debug;
		};
		DCD53FC62E2FB8A60001137D /* Release */ = {
			isa = XCBuildConfiguration;
			buildSettings = {
				CODE_SIGN_STYLE = Automatic;
				CURRENT_PROJECT_VERSION = 1;
				DEVELOPMENT_TEAM = 9M2J4B5W2F;
				GENERATE_INFOPLIST_FILE = YES;
				MARKETING_VERSION = 1.0;
				PRODUCT_BUNDLE_IDENTIFIER = "com.egegirsen.Eteration-iOS-Case-StudyUITests";
				PRODUCT_NAME = "$(TARGET_NAME)";
				SWIFT_EMIT_LOC_STRINGS = NO;
				SWIFT_VERSION = 5.0;
				TARGETED_DEVICE_FAMILY = "1,2";
				TEST_TARGET_NAME = "Eteration iOS Case Study";
			};
			name = Release;
		};
/* End XCBuildConfiguration section */

/* Begin XCConfigurationList section */
		DCD53F8B2E2FB8A50001137D /* Build configuration list for PBXProject "Eteration iOS Case Study" */ = {
			isa = XCConfigurationList;
			buildConfigurations = (
				DCD53FBF2E2FB8A60001137D /* Debug */,
				DCD53FC02E2FB8A60001137D /* Release */,
			);
			defaultConfigurationIsVisible = 0;
			defaultConfigurationName = Release;
		};
		DCD53FBC2E2FB8A60001137D /* Build configuration list for PBXNativeTarget "Eteration iOS Case Study" */ = {
			isa = XCConfigurationList;
			buildConfigurations = (
				DCD53FBD2E2FB8A60001137D /* Debug */,
				DCD53FBE2E2FB8A60001137D /* Release */,
			);
			defaultConfigurationIsVisible = 0;
			defaultConfigurationName = Release;
		};
		DCD53FC12E2FB8A60001137D /* Build configuration list for PBXNativeTarget "Eteration iOS Case StudyTests" */ = {
			isa = XCConfigurationList;
			buildConfigurations = (
				DCD53FC22E2FB8A60001137D /* Debug */,
				DCD53FC32E2FB8A60001137D /* Release */,
			);
			defaultConfigurationIsVisible = 0;
			defaultConfigurationName = Release;
		};
		DCD53FC42E2FB8A60001137D /* Build configuration list for PBXNativeTarget "Eteration iOS Case StudyUITests" */ = {
			isa = XCConfigurationList;
			buildConfigurations = (
				DCD53FC52E2FB8A60001137D /* Debug */,
				DCD53FC62E2FB8A60001137D /* Release */,
			);
			defaultConfigurationIsVisible = 0;
			defaultConfigurationName = Release;
		};
/* End XCConfigurationList section */
	};
	rootObject = DCD53F882E2FB8A50001137D /* Project object */;
}
